
Microsoft Visual Studio Solution File, Format Version 12.00
# Visual Studio 15
VisualStudioVersion = 15.0.28307.1300
MinimumVisualStudioVersion = 10.0.40219.1
Project("{FAE04EC0-301F-11D3-BF4B-00C04F79EFBC}") = "ServerConfigRest_20180140105_RiefkhaAnandaPutri", "ServerConfigRest_20180140105_RiefkhaAnandaPutri\ServerConfigRest_20180140105_RiefkhaAnandaPutri.csproj", "{33926752-A88F-4045-9568-F0CE2BBB233E}"
EndProject
Global
	GlobalSection(SolutionConfigurationPlatforms) = preSolution
		Debug|Any CPU = Debug|Any CPU
		Release|Any CPU = Release|Any CPU
	EndGlobalSection
	GlobalSection(ProjectConfigurationPlatforms) = postSolution
		{33926752-A88F-4045-9568-F0CE2BBB233E}.Debug|Any CPU.ActiveCfg = Debug|Any CPU
		{33926752-A88F-4045-9568-F0CE2BBB233E}.Debug|Any CPU.Build.0 = Debug|Any CPU
		{33926752-A88F-4045-9568-F0CE2BBB233E}.Release|Any CPU.ActiveCfg = Release|Any CPU
		{33926752-A88F-4045-9568-F0CE2BBB233E}.Release|Any CPU.Build.0 = Release|Any CPU
	EndGlobalSection
	GlobalSection(SolutionProperties) = preSolution
		HideSolutionNode = FALSE
	EndGlobalSection
	GlobalSection(ExtensibilityGlobals) = postSolution
		SolutionGuid = {BA72FBC4-1CF4-494C-BC65-3D65B2DACA7D}
	EndGlobalSection
EndGlobal
